
Microsoft Visual Studio Solution File, Format Version 12.00
# Visual Studio Version 17
VisualStudioVersion = 17.3.32901.215
MinimumVisualStudioVersion = 10.0.40219.1
Project("{FAE04EC0-301F-11D3-BF4B-00C04F79EFBC}") = "Aula_katia_banco03", "Aula_katia_banco03.csproj", "{27F3DC80-09B8-4956-8CF9-4EAE026AF9D5}"
EndProject
Global
	GlobalSection(SolutionConfigurationPlatforms) = preSolution
		Debug|Any CPU = Debug|Any CPU
		Release|Any CPU = Release|Any CPU
	EndGlobalSection
	GlobalSection(ProjectConfigurationPlatforms) = postSolution
		{27F3DC80-09B8-4956-8CF9-4EAE026AF9D5}.Debug|Any CPU.ActiveCfg = Debug|Any CPU
		{27F3DC80-09B8-4956-8CF9-4EAE026AF9D5}.Debug|Any CPU.Build.0 = Debug|Any CPU
		{27F3DC80-09B8-4956-8CF9-4EAE026AF9D5}.Release|Any CPU.ActiveCfg = Release|Any CPU
		{27F3DC80-09B8-4956-8CF9-4EAE026AF9D5}.Release|Any CPU.Build.0 = Release|Any CPU
	EndGlobalSection
	GlobalSection(SolutionProperties) = preSolution
		HideSolutionNode = FALSE
	EndGlobalSection
	GlobalSection(ExtensibilityGlobals) = postSolution
		SolutionGuid = {CB918E73-8582-40E6-B795-AF101A5F11A5}
	EndGlobalSection
EndGlobal
